
Microsoft Visual Studio Solution File, Format Version 12.00
# Visual Studio Version 17
VisualStudioVersion = 17.11.35312.102
MinimumVisualStudioVersion = 10.0.40219.1
Project("{FAE04EC0-301F-11D3-BF4B-00C04F79EFBC}") = "TheListElimentProg", "TheListElimentProg\TheListElimentProg.csproj", "{C232713A-D02D-480B-9124-6A1D3DDEF120}"
EndProject
Global
	GlobalSection(SolutionConfigurationPlatforms) = preSolution
		Debug|Any CPU = Debug|Any CPU
		Release|Any CPU = Release|Any CPU
	EndGlobalSection
	GlobalSection(ProjectConfigurationPlatforms) = postSolution
		{C232713A-D02D-480B-9124-6A1D3DDEF120}.Debug|Any CPU.ActiveCfg = Debug|Any CPU
		{C232713A-D02D-480B-9124-6A1D3DDEF120}.Debug|Any CPU.Build.0 = Debug|Any CPU
		{C232713A-D02D-480B-9124-6A1D3DDEF120}.Release|Any CPU.ActiveCfg = Release|Any CPU
		{C232713A-D02D-480B-9124-6A1D3DDEF120}.Release|Any CPU.Build.0 = Release|Any CPU
	EndGlobalSection
	GlobalSection(SolutionProperties) = preSolution
		HideSolutionNode = FALSE
	EndGlobalSection
	GlobalSection(ExtensibilityGlobals) = postSolution
		SolutionGuid = {B2A24ACF-7F98-401F-976A-BFA94D895B63}
	EndGlobalSection
EndGlobal
